
Microsoft Visual Studio Solution File, Format Version 12.00
# Visual Studio Version 16
VisualStudioVersion = 16.0.29911.84
MinimumVisualStudioVersion = 10.0.40219.1
Project("{FAE04EC0-301F-11D3-BF4B-00C04F79EFBC}") = "SenaiSpMedGroup.WebApi", "SenaiSpMedGroup.WebApi\SenaiSpMedGroup.WebApi.csproj", "{083275BB-5D16-4848-AD81-98C94CAF1AB5}"
EndProject
Global
	GlobalSection(SolutionConfigurationPlatforms) = preSolution
		Debug|Any CPU = Debug|Any CPU
		Release|Any CPU = Release|Any CPU
	EndGlobalSection
	GlobalSection(ProjectConfigurationPlatforms) = postSolution
		{083275BB-5D16-4848-AD81-98C94CAF1AB5}.Debug|Any CPU.ActiveCfg = Debug|Any CPU
		{083275BB-5D16-4848-AD81-98C94CAF1AB5}.Debug|Any CPU.Build.0 = Debug|Any CPU
		{083275BB-5D16-4848-AD81-98C94CAF1AB5}.Release|Any CPU.ActiveCfg = Release|Any CPU
		{083275BB-5D16-4848-AD81-98C94CAF1AB5}.Release|Any CPU.Build.0 = Release|Any CPU
	EndGlobalSection
	GlobalSection(SolutionProperties) = preSolution
		HideSolutionNode = FALSE
	EndGlobalSection
	GlobalSection(ExtensibilityGlobals) = postSolution
		SolutionGuid = {9D272E59-6C99-4D68-9BA1-38F3F04EAA3E}
	EndGlobalSection
EndGlobal
